
Microsoft Visual Studio Solution File, Format Version 12.00
# Visual Studio Version 17
VisualStudioVersion = 17.14.36518.9 d17.14
MinimumVisualStudioVersion = 10.0.40219.1
Project("{FAE04EC0-301F-11D3-BF4B-00C04F79EFBC}") = "AzureProject", "AzureProject\AzureProject.csproj", "{1C093E96-CDE2-41E6-BEEF-67494A5628D4}"
EndProject
Global
	GlobalSection(SolutionConfigurationPlatforms) = preSolution
		Debug|Any CPU = Debug|Any CPU
		Release|Any CPU = Release|Any CPU
	EndGlobalSection
	GlobalSection(ProjectConfigurationPlatforms) = postSolution
		{1C093E96-CDE2-41E6-BEEF-67494A5628D4}.Debug|Any CPU.ActiveCfg = Debug|Any CPU
		{1C093E96-CDE2-41E6-BEEF-67494A5628D4}.Debug|Any CPU.Build.0 = Debug|Any CPU
		{1C093E96-CDE2-41E6-BEEF-67494A5628D4}.Release|Any CPU.ActiveCfg = Release|Any CPU
		{1C093E96-CDE2-41E6-BEEF-67494A5628D4}.Release|Any CPU.Build.0 = Release|Any CPU
	EndGlobalSection
	GlobalSection(SolutionProperties) = preSolution
		HideSolutionNode = FALSE
	EndGlobalSection
	GlobalSection(ExtensibilityGlobals) = postSolution
		SolutionGuid = {66EA6851-DD26-42A0-B998-EC2D9F05677A}
	EndGlobalSection
EndGlobal
